
Microsoft Visual Studio Solution File, Format Version 12.00
# Visual Studio Version 17
VisualStudioVersion = 17.4.33213.308
MinimumVisualStudioVersion = 10.0.40219.1
Project("{FAE04EC0-301F-11D3-BF4B-00C04F79EFBC}") = "API-MongoDB", "API-MongoDB\API-MongoDB.csproj", "{106AD66E-E85A-48FE-8275-D1489ECAB398}"
EndProject
Global
	GlobalSection(SolutionConfigurationPlatforms) = preSolution
		Debug|Any CPU = Debug|Any CPU
		Release|Any CPU = Release|Any CPU
	EndGlobalSection
	GlobalSection(ProjectConfigurationPlatforms) = postSolution
		{106AD66E-E85A-48FE-8275-D1489ECAB398}.Debug|Any CPU.ActiveCfg = Debug|Any CPU
		{106AD66E-E85A-48FE-8275-D1489ECAB398}.Debug|Any CPU.Build.0 = Debug|Any CPU
		{106AD66E-E85A-48FE-8275-D1489ECAB398}.Release|Any CPU.ActiveCfg = Release|Any CPU
		{106AD66E-E85A-48FE-8275-D1489ECAB398}.Release|Any CPU.Build.0 = Release|Any CPU
	EndGlobalSection
	GlobalSection(SolutionProperties) = preSolution
		HideSolutionNode = FALSE
	EndGlobalSection
	GlobalSection(ExtensibilityGlobals) = postSolution
		SolutionGuid = {98D4A94E-5919-4263-AD1E-D1B5250F991B}
	EndGlobalSection
EndGlobal
